// !$*UTF8*$!
{
	archiveVersion = 1;
	classes = {
	};
	objectVersion = 46;
	objects = {

/* Begin PBXFileReference section */
		ED8EC1211679E692008544F7 /* dbconnect.php */ = {isa = PBXFileReference; lastKnownFileType = text.script.php; path = dbconnect.php; sourceTree = "<group>"; };
		ED8EC1221679E741008544F7 /* dbInsertProfile.php */ = {isa = PBXFileReference; lastKnownFileType = text.script.php; path = dbInsertProfile.php; sourceTree = "<group>"; };
/* End PBXFileReference section */

/* Begin PBXGroup section */
		ED8EC1181679E66F008544F7 = {
			isa = PBXGroup;
			children = (
				ED8EC1221679E741008544F7 /* dbInsertProfile.php */,
				ED8EC1211679E692008544F7 /* dbconnect.php */,
			);
			sourceTree = "<group>";
		};
/* End PBXGroup section */

/* Begin PBXProject section */
		ED8EC11A1679E66F008544F7 /* Project object */ = {
			isa = PBXProject;
			attributes = {
				LastUpgradeCheck = 0450;
			};
			buildConfigurationList = ED8EC11D1679E66F008544F7 /* Build configuration list for PBXProject "tmhPHP" */;
			compatibilityVersion = "Xcode 3.2";
			developmentRegion = English;
			hasScannedForEncodings = 0;
			knownRegions = (
				en,
			);
			mainGroup = ED8EC1181679E66F008544F7;
			projectDirPath = "";
			projectRoot = "";
			targets = (
			);
		};
/* End PBXProject section */

/* Begin XCBuildConfiguration section */
		ED8EC11F1679E66F008544F7 /* Debug */ = {
			isa = XCBuildConfiguration;
			buildSettings = {
			};
			name = Debug;
		};
		ED8EC1201679E66F008544F7 /* Release */ = {
			isa = XCBuildConfiguration;
			buildSettings = {
			};
			name = Release;
		};
/* End XCBuildConfiguration section */

/* Begin XCConfigurationList section */
		ED8EC11D1679E66F008544F7 /* Build configuration list for PBXProject "tmhPHP" */ = {
			isa = XCConfigurationList;
			buildConfigurations = (
				ED8EC11F1679E66F008544F7 /* Debug */,
				ED8EC1201679E66F008544F7 /* Release */,
			);
			defaultConfigurationIsVisible = 0;
			defaultConfigurationName = Release;
		};
/* End XCConfigurationList section */
	};
	rootObject = ED8EC11A1679E66F008544F7 /* Project object */;
}
